
Microsoft Visual Studio Solution File, Format Version 12.00
# Visual Studio Version 17
VisualStudioVersion = 17.11.35312.102
MinimumVisualStudioVersion = 10.0.40219.1
Project("{FAE04EC0-301F-11D3-BF4B-00C04F79EFBC}") = "SeaBattle.Client", "SeaBattle.Client\SeaBattle.Client.csproj", "{8447C877-0B4E-44AD-8E2F-A89724847F0E}"
EndProject
Project("{FAE04EC0-301F-11D3-BF4B-00C04F79EFBC}") = "SeaBattle.Server", "SeaBattle.Server\SeaBattle.Server.csproj", "{C0F088CB-C5A4-4DD0-8D15-1F611C4A5EE4}"
EndProject
Project("{FAE04EC0-301F-11D3-BF4B-00C04F79EFBC}") = "SeaBattle.Shared", "SeaBattle.Shared\SeaBattle.Shared.csproj", "{B4933FD6-310B-4CFA-8841-0BF425529873}"
EndProject
Global
	GlobalSection(SolutionConfigurationPlatforms) = preSolution
		Debug|Any CPU = Debug|Any CPU
		Release|Any CPU = Release|Any CPU
	EndGlobalSection
	GlobalSection(ProjectConfigurationPlatforms) = postSolution
		{8447C877-0B4E-44AD-8E2F-A89724847F0E}.Debug|Any CPU.ActiveCfg = Debug|Any CPU
		{8447C877-0B4E-44AD-8E2F-A89724847F0E}.Debug|Any CPU.Build.0 = Debug|Any CPU
		{8447C877-0B4E-44AD-8E2F-A89724847F0E}.Release|Any CPU.ActiveCfg = Release|Any CPU
		{8447C877-0B4E-44AD-8E2F-A89724847F0E}.Release|Any CPU.Build.0 = Release|Any CPU
		{C0F088CB-C5A4-4DD0-8D15-1F611C4A5EE4}.Debug|Any CPU.ActiveCfg = Debug|Any CPU
		{C0F088CB-C5A4-4DD0-8D15-1F611C4A5EE4}.Debug|Any CPU.Build.0 = Debug|Any CPU
		{C0F088CB-C5A4-4DD0-8D15-1F611C4A5EE4}.Release|Any CPU.ActiveCfg = Release|Any CPU
		{C0F088CB-C5A4-4DD0-8D15-1F611C4A5EE4}.Release|Any CPU.Build.0 = Release|Any CPU
		{B4933FD6-310B-4CFA-8841-0BF425529873}.Debug|Any CPU.ActiveCfg = Debug|Any CPU
		{B4933FD6-310B-4CFA-8841-0BF425529873}.Debug|Any CPU.Build.0 = Debug|Any CPU
		{B4933FD6-310B-4CFA-8841-0BF425529873}.Release|Any CPU.ActiveCfg = Release|Any CPU
		{B4933FD6-310B-4CFA-8841-0BF425529873}.Release|Any CPU.Build.0 = Release|Any CPU
	EndGlobalSection
	GlobalSection(SolutionProperties) = preSolution
		HideSolutionNode = FALSE
	EndGlobalSection
	GlobalSection(ExtensibilityGlobals) = postSolution
		SolutionGuid = {7D928A3F-1D35-422B-B4BA-40CE7E8FDF81}
	EndGlobalSection
EndGlobal
